PODS:
  - Mantle (2.0.2):
    - Mantle/extobjc (= 2.0.2)
  - Mantle/extobjc (2.0.2)
  - Ono (1.2.2)
  - RSSAtomKit (0.1.1):
    - Mantle (~> 2.0)
    - Ono (~> 1.2)

DEPENDENCIES:
  - RSSAtomKit (from `./`)

EXTERNAL SOURCES:
  RSSAtomKit:
    :path: ./

SPEC CHECKSUMS:
  Mantle: 967fd31ea0220890b2e76589198996b534bb3fb1
  Ono: 80b1c686777d3f6d5d5ce6fcac8a74afef4ca197
  RSSAtomKit: 4c57701c961e044555e793283455b39e44ceeb9f

COCOAPODS: 0.37.2
