PODS:
  - AFNetworking (2.5.2):
    - AFNetworking/NSURLConnection (= 2.5.2)
    - AFNetworking/NSURLSession (= 2.5.2)
    - AFNetworking/Reachability (= 2.5.2)
    - AFNetworking/Security (= 2.5.2)
    - AFNetworking/Serialization (= 2.5.2)
    - AFNetworking/UIKit (= 2.5.2)
  - AFNetworking/NSURLConnection (2.5.2):
    - AFNetworking/Reachability
    - AFNetworking/Security
    - AFNetworking/Serialization
  - AFNetworking/NSURLSession (2.5.2):
    - AFNetworking/Reachability
    - AFNetworking/Security
    - AFNetworking/Serialization
  - AFNetworking/Reachability (2.5.2)
  - AFNetworking/Security (2.5.2)
  - AFNetworking/Serialization (2.5.2)
  - AFNetworking/UIKit (2.5.2):
    - AFNetworking/NSURLConnection
    - AFNetworking/NSURLSession
  - Mantle (1.5.4):
    - Mantle/extobjc (= 1.5.4)
  - Mantle/extobjc (1.5.4)
  - Ono (1.2.1)
  - RSSAtomKit (0.1.0):
    - AFNetworking (~> 2.5)
    - Mantle (~> 1.5)
    - Ono (~> 1.1)

DEPENDENCIES:
  - RSSAtomKit (from `./`)

EXTERNAL SOURCES:
  RSSAtomKit:
    :path: "./"

SPEC CHECKSUMS:
  AFNetworking: fefbce9660acb17f48ae0011292d4da0f457bf36
  Mantle: 60acd0cd363e27d945bda0a6b8e90577112d28f3
  Ono: 1122212de602280cc7af19d7ab12ee98a3fc0339
  RSSAtomKit: 81636ed61cf61508c272877c88847d83235304c9

COCOAPODS: 0.36.4
