// !$*UTF8*$!
{
	archiveVersion = 1;
	classes = {
	};
	objectVersion = 46;
	objects = {

/* Begin PBXBuildFile section */
		639B1F221A648CE500B3E23E /* RFA-tibetan.xml in Resources */ = {isa = PBXBuildFile; fileRef = 639B1F211A648CE500B3E23E /* RFA-tibetan.xml */; };
		639B1F241A6495D000B3E23E /* google-atom.xml in Resources */ = {isa = PBXBuildFile; fileRef = 639B1F231A6495D000B3E23E /* google-atom.xml */; };
		ACEF483BDF922E9A9E86EA8E /* libPods-RSSAtomKitTests.a in Frameworks */ = {isa = PBXBuildFile; fileRef = 3BD8898978B2A7E9E7D17CFA /* libPods-RSSAtomKitTests.a */; };
		D98E6C8C1A1AC10500C0A704 /* RSSAtomKitTests.m in Sources */ = {isa = PBXBuildFile; fileRef = D98E6C8B1A1AC10500C0A704 /* RSSAtomKitTests.m */; };
		D9E6574F1A232FB1000E6301 /* CNN-TopStories.xml in Resources */ = {isa = PBXBuildFile; fileRef = D9E657491A232FB1000E6301 /* CNN-TopStories.xml */; };
		D9E657501A232FB1000E6301 /* CNN-World.xml in Resources */ = {isa = PBXBuildFile; fileRef = D9E6574A1A232FB1000E6301 /* CNN-World.xml */; };
		D9E657511A232FB1000E6301 /* Guardian-World.xml in Resources */ = {isa = PBXBuildFile; fileRef = D9E6574B1A232FB1000E6301 /* Guardian-World.xml */; };
		D9E657521A232FB1000E6301 /* NYTimes-International.xml in Resources */ = {isa = PBXBuildFile; fileRef = D9E6574C1A232FB1000E6301 /* NYTimes-International.xml */; };
		D9E657531A232FB1000E6301 /* VOA.xml in Resources */ = {isa = PBXBuildFile; fileRef = D9E6574D1A232FB1000E6301 /* VOA.xml */; };
		D9E657541A232FB1000E6301 /* WashingtonPost-World.xml in Resources */ = {isa = PBXBuildFile; fileRef = D9E6574E1A232FB1000E6301 /* WashingtonPost-World.xml */; };
/* End PBXBuildFile section */

/* Begin PBXFileReference section */
		3BD8898978B2A7E9E7D17CFA /* libPods-RSSAtomKitTests.a */ = {isa = PBXFileReference; explicitFileType = archive.ar; includeInIndex = 0; path = "libPods-RSSAtomKitTests.a"; sourceTree = BUILT_PRODUCTS_DIR; };
		6003F58A195388D20070C39A /* RSSAtomKit.app */ = {isa = PBXFileReference; explicitFileType = wrapper.application; includeInIndex = 0; path = RSSAtomKit.app; sourceTree = BUILT_PRODUCTS_DIR; };
		6003F58D195388D20070C39A /* Foundation.framework */ = {isa = PBXFileReference; lastKnownFileType = wrapper.framework; name = Foundation.framework; path = System/Library/Frameworks/Foundation.framework; sourceTree = SDKROOT; };
		6003F58F195388D20070C39A /* CoreGraphics.framework */ = {isa = PBXFileReference; lastKnownFileType = wrapper.framework; name = CoreGraphics.framework; path = System/Library/Frameworks/CoreGraphics.framework; sourceTree = SDKROOT; };
		6003F591195388D20070C39A /* UIKit.framework */ = {isa = PBXFileReference; lastKnownFileType = wrapper.framework; name = UIKit.framework; path = System/Library/Frameworks/UIKit.framework; sourceTree = SDKROOT; };
		639B1F211A648CE500B3E23E /* RFA-tibetan.xml */ = {isa = PBXFileReference; fileEncoding = 4; lastKnownFileType = text.xml; name = "RFA-tibetan.xml"; path = "Feeds/RFA-tibetan.xml"; sourceTree = "<group>"; };
		639B1F231A6495D000B3E23E /* google-atom.xml */ = {isa = PBXFileReference; fileEncoding = 4; lastKnownFileType = text.xml; name = "google-atom.xml"; path = "Feeds/google-atom.xml"; sourceTree = "<group>"; };
		B68C9453DC918E7986604E37 /* Pods-RSSAtomKitTests.debug.xcconfig */ = {isa = PBXFileReference; includeInIndex = 1; lastKnownFileType = text.xcconfig; name = "Pods-RSSAtomKitTests.debug.xcconfig"; path = "Pods/Target Support Files/Pods-RSSAtomKitTests/Pods-RSSAtomKitTests.debug.xcconfig"; sourceTree = "<group>"; };
		B8D8573CC9DE106990FAD279 /* Pods-RSSAtomKitTests.release.xcconfig */ = {isa = PBXFileReference; includeInIndex = 1; lastKnownFileType = text.xcconfig; name = "Pods-RSSAtomKitTests.release.xcconfig"; path = "Pods/Target Support Files/Pods-RSSAtomKitTests/Pods-RSSAtomKitTests.release.xcconfig"; sourceTree = "<group>"; };
		D98E6C871A1AC10500C0A704 /* RSSAtomKitTests.xctest */ = {isa = PBXFileReference; explicitFileType = wrapper.cfbundle; includeInIndex = 0; path = RSSAtomKitTests.xctest; sourceTree = BUILT_PRODUCTS_DIR; };
		D98E6C8A1A1AC10500C0A704 /* Info.plist */ = {isa = PBXFileReference; lastKnownFileType = text.plist.xml; path = Info.plist; sourceTree = "<group>"; };
		D98E6C8B1A1AC10500C0A704 /* RSSAtomKitTests.m */ = {isa = PBXFileReference; lastKnownFileType = sourcecode.c.objc; path = RSSAtomKitTests.m; sourceTree = "<group>"; };
		D9E657491A232FB1000E6301 /* CNN-TopStories.xml */ = {isa = PBXFileReference; fileEncoding = 4; lastKnownFileType = text.xml; name = "CNN-TopStories.xml"; path = "Feeds/CNN-TopStories.xml"; sourceTree = "<group>"; };
		D9E6574A1A232FB1000E6301 /* CNN-World.xml */ = {isa = PBXFileReference; fileEncoding = 4; lastKnownFileType = text.xml; name = "CNN-World.xml"; path = "Feeds/CNN-World.xml"; sourceTree = "<group>"; };
		D9E6574B1A232FB1000E6301 /* Guardian-World.xml */ = {isa = PBXFileReference; fileEncoding = 4; lastKnownFileType = text.xml; name = "Guardian-World.xml"; path = "Feeds/Guardian-World.xml"; sourceTree = "<group>"; };
		D9E6574C1A232FB1000E6301 /* NYTimes-International.xml */ = {isa = PBXFileReference; fileEncoding = 4; lastKnownFileType = text.xml; name = "NYTimes-International.xml"; path = "Feeds/NYTimes-International.xml"; sourceTree = "<group>"; };
		D9E6574D1A232FB1000E6301 /* VOA.xml */ = {isa = PBXFileReference; fileEncoding = 4; lastKnownFileType = text.xml; name = VOA.xml; path = Feeds/VOA.xml; sourceTree = "<group>"; };
		D9E6574E1A232FB1000E6301 /* WashingtonPost-World.xml */ = {isa = PBXFileReference; fileEncoding = 4; lastKnownFileType = text.xml; name = "WashingtonPost-World.xml"; path = "Feeds/WashingtonPost-World.xml"; sourceTree = "<group>"; };
/* End PBXFileReference section */

/* Begin PBXFrameworksBuildPhase section */
		D98E6C841A1AC10500C0A704 /* Frameworks */ = {
			isa = PBXFrameworksBuildPhase;
			buildActionMask = 2147483647;
			files = (
				ACEF483BDF922E9A9E86EA8E /* libPods-RSSAtomKitTests.a in Frameworks */,
			);
			runOnlyForDeploymentPostprocessing = 0;
		};
/* End PBXFrameworksBuildPhase section */

/* Begin PBXGroup section */
		2DC2A820413EBACAE4BA56A9 /* Pods */ = {
			isa = PBXGroup;
			children = (
				B68C9453DC918E7986604E37 /* Pods-RSSAtomKitTests.debug.xcconfig */,
				B8D8573CC9DE106990FAD279 /* Pods-RSSAtomKitTests.release.xcconfig */,
			);
			name = Pods;
			sourceTree = "<group>";
		};
		6003F581195388D10070C39A = {
			isa = PBXGroup;
			children = (
				D98E6C881A1AC10500C0A704 /* RSSAtomKitTests */,
				6003F58C195388D20070C39A /* Frameworks */,
				6003F58B195388D20070C39A /* Products */,
				2DC2A820413EBACAE4BA56A9 /* Pods */,
			);
			sourceTree = "<group>";
		};
		6003F58B195388D20070C39A /* Products */ = {
			isa = PBXGroup;
			children = (
				6003F58A195388D20070C39A /* RSSAtomKit.app */,
				D98E6C871A1AC10500C0A704 /* RSSAtomKitTests.xctest */,
			);
			name = Products;
			sourceTree = "<group>";
		};
		6003F58C195388D20070C39A /* Frameworks */ = {
			isa = PBXGroup;
			children = (
				6003F58D195388D20070C39A /* Foundation.framework */,
				6003F58F195388D20070C39A /* CoreGraphics.framework */,
				6003F591195388D20070C39A /* UIKit.framework */,
				3BD8898978B2A7E9E7D17CFA /* libPods-RSSAtomKitTests.a */,
			);
			name = Frameworks;
			sourceTree = "<group>";
		};
		D98E6C881A1AC10500C0A704 /* RSSAtomKitTests */ = {
			isa = PBXGroup;
			children = (
				D98E6C8B1A1AC10500C0A704 /* RSSAtomKitTests.m */,
				D9E49D711A2328E000A2CDB4 /* Feeds */,
				D98E6C891A1AC10500C0A704 /* Supporting Files */,
			);
			path = RSSAtomKitTests;
			sourceTree = "<group>";
		};
		D98E6C891A1AC10500C0A704 /* Supporting Files */ = {
			isa = PBXGroup;
			children = (
				D98E6C8A1A1AC10500C0A704 /* Info.plist */,
			);
			name = "Supporting Files";
			sourceTree = "<group>";
		};
		D9E49D711A2328E000A2CDB4 /* Feeds */ = {
			isa = PBXGroup;
			children = (
				D9E657491A232FB1000E6301 /* CNN-TopStories.xml */,
				D9E6574A1A232FB1000E6301 /* CNN-World.xml */,
				D9E6574B1A232FB1000E6301 /* Guardian-World.xml */,
				D9E6574C1A232FB1000E6301 /* NYTimes-International.xml */,
				D9E6574D1A232FB1000E6301 /* VOA.xml */,
				639B1F211A648CE500B3E23E /* RFA-tibetan.xml */,
				639B1F231A6495D000B3E23E /* google-atom.xml */,
				D9E6574E1A232FB1000E6301 /* WashingtonPost-World.xml */,
			);
			name = Feeds;
			sourceTree = "<group>";
		};
/* End PBXGroup section */

/* Begin PBXNativeTarget section */
		D98E6C861A1AC10500C0A704 /* RSSAtomKitTests */ = {
			isa = PBXNativeTarget;
			buildConfigurationList = D98E6C8D1A1AC10500C0A704 /* Build configuration list for PBXNativeTarget "RSSAtomKitTests" */;
			buildPhases = (
				656A8665B617C529854262F8 /* Check Pods Manifest.lock */,
				D98E6C831A1AC10500C0A704 /* Sources */,
				D98E6C841A1AC10500C0A704 /* Frameworks */,
				D98E6C851A1AC10500C0A704 /* Resources */,
				F11BDD58F41B3D007C62C7F0 /* Copy Pods Resources */,
			);
			buildRules = (
			);
			dependencies = (
			);
			name = RSSAtomKitTests;
			productName = RSSAtomKitTests;
			productReference = D98E6C871A1AC10500C0A704 /* RSSAtomKitTests.xctest */;
			productType = "com.apple.product-type.bundle.unit-test";
		};
/* End PBXNativeTarget section */

/* Begin PBXProject section */
		6003F582195388D10070C39A /* Project object */ = {
			isa = PBXProject;
			attributes = {
				CLASSPREFIX = RSS;
				LastUpgradeCheck = 0510;
				ORGANIZATIONNAME = "Chris Ballinger";
				TargetAttributes = {
					D98E6C861A1AC10500C0A704 = {
						CreatedOnToolsVersion = 6.1;
					};
				};
			};
			buildConfigurationList = 6003F585195388D10070C39A /* Build configuration list for PBXProject "RSSAtomKit" */;
			compatibilityVersion = "Xcode 3.2";
			developmentRegion = English;
			hasScannedForEncodings = 0;
			knownRegions = (
				en,
				Base,
			);
			mainGroup = 6003F581195388D10070C39A;
			productRefGroup = 6003F58B195388D20070C39A /* Products */;
			projectDirPath = "";
			projectRoot = "";
			targets = (
				D98E6C861A1AC10500C0A704 /* RSSAtomKitTests */,
			);
		};
/* End PBXProject section */

/* Begin PBXResourcesBuildPhase section */
		D98E6C851A1AC10500C0A704 /* Resources */ = {
			isa = PBXResourcesBuildPhase;
			buildActionMask = 2147483647;
			files = (
				D9E657501A232FB1000E6301 /* CNN-World.xml in Resources */,
				639B1F241A6495D000B3E23E /* google-atom.xml in Resources */,
				D9E6574F1A232FB1000E6301 /* CNN-TopStories.xml in Resources */,
				D9E657521A232FB1000E6301 /* NYTimes-International.xml in Resources */,
				D9E657511A232FB1000E6301 /* Guardian-World.xml in Resources */,
				D9E657541A232FB1000E6301 /* WashingtonPost-World.xml in Resources */,
				639B1F221A648CE500B3E23E /* RFA-tibetan.xml in Resources */,
				D9E657531A232FB1000E6301 /* VOA.xml in Resources */,
			);
			runOnlyForDeploymentPostprocessing = 0;
		};
/* End PBXResourcesBuildPhase section */

/* Begin PBXShellScriptBuildPhase section */
		656A8665B617C529854262F8 /* Check Pods Manifest.lock */ = {
			isa = PBXShellScriptBuildPhase;
			buildActionMask = 2147483647;
			files = (
			);
			inputPaths = (
			);
			name = "Check Pods Manifest.lock";
			outputPaths = (
			);
			runOnlyForDeploymentPostprocessing = 0;
			shellPath = /bin/sh;
			shellScript = "diff \"${PODS_ROOT}/../Podfile.lock\" \"${PODS_ROOT}/Manifest.lock\" > /dev/null\nif [[ $? != 0 ]] ; then\n    cat << EOM\nerror: The sandbox is not in sync with the Podfile.lock. Run 'pod install' or update your CocoaPods installation.\nEOM\n    exit 1\nfi\n";
			showEnvVarsInLog = 0;
		};
		F11BDD58F41B3D007C62C7F0 /* Copy Pods Resources */ = {
			isa = PBXShellScriptBuildPhase;
			buildActionMask = 2147483647;
			files = (
			);
			inputPaths = (
			);
			name = "Copy Pods Resources";
			outputPaths = (
			);
			runOnlyForDeploymentPostprocessing = 0;
			shellPath = /bin/sh;
			shellScript = "\"${SRCROOT}/Pods/Target Support Files/Pods-RSSAtomKitTests/Pods-RSSAtomKitTests-resources.sh\"\n";
			showEnvVarsInLog = 0;
		};
/* End PBXShellScriptBuildPhase section */

/* Begin PBXSourcesBuildPhase section */
		D98E6C831A1AC10500C0A704 /* Sources */ = {
			isa = PBXSourcesBuildPhase;
			buildActionMask = 2147483647;
			files = (
				D98E6C8C1A1AC10500C0A704 /* RSSAtomKitTests.m in Sources */,
			);
			runOnlyForDeploymentPostprocessing = 0;
		};
/* End PBXSourcesBuildPhase section */

/* Begin XCBuildConfiguration section */
		6003F5BD195388D20070C39A /* Debug */ = {
			isa = XCBuildConfiguration;
			buildSettings = {
				ALWAYS_SEARCH_USER_PATHS = NO;
				CLANG_CXX_LANGUAGE_STANDARD = "gnu++0x";
				CLANG_CXX_LIBRARY = "libc++";
				CLANG_ENABLE_MODULES = YES;
				CLANG_ENABLE_OBJC_ARC = YES;
				CLANG_WARN_BOOL_CONVERSION = YES;
				CLANG_WARN_CONSTANT_CONVERSION = YES;
				CLANG_WARN_DIRECT_OBJC_ISA_USAGE = YES_ERROR;
				CLANG_WARN_EMPTY_BODY = YES;
				CLANG_WARN_ENUM_CONVERSION = YES;
				CLANG_WARN_INT_CONVERSION = YES;
				CLANG_WARN_OBJC_ROOT_CLASS = YES_ERROR;
				CLANG_WARN__DUPLICATE_METHOD_MATCH = YES;
				"CODE_SIGN_IDENTITY[sdk=iphoneos*]" = "iPhone Developer";
				COPY_PHASE_STRIP = NO;
				GCC_C_LANGUAGE_STANDARD = gnu99;
				GCC_DYNAMIC_NO_PIC = NO;
				GCC_OPTIMIZATION_LEVEL = 0;
				GCC_PREPROCESSOR_DEFINITIONS = (
					"DEBUG=1",
					"$(inherited)",
				);
				GCC_SYMBOLS_PRIVATE_EXTERN = NO;
				GCC_WARN_64_TO_32_BIT_CONVERSION = YES;
				GCC_WARN_ABOUT_RETURN_TYPE = YES_ERROR;
				GCC_WARN_UNDECLARED_SELECTOR = YES;
				GCC_WARN_UNINITIALIZED_AUTOS = YES_AGGRESSIVE;
				GCC_WARN_UNUSED_FUNCTION = YES;
				GCC_WARN_UNUSED_VARIABLE = YES;
				IPHONEOS_DEPLOYMENT_TARGET = 7.1;
				ONLY_ACTIVE_ARCH = YES;
				SDKROOT = iphoneos;
				TARGETED_DEVICE_FAMILY = "1,2";
			};
			name = Debug;
		};
		6003F5BE195388D20070C39A /* Release */ = {
			isa = XCBuildConfiguration;
			buildSettings = {
				ALWAYS_SEARCH_USER_PATHS = NO;
				CLANG_CXX_LANGUAGE_STANDARD = "gnu++0x";
				CLANG_CXX_LIBRARY = "libc++";
				CLANG_ENABLE_MODULES = YES;
				CLANG_ENABLE_OBJC_ARC = YES;
				CLANG_WARN_BOOL_CONVERSION = YES;
				CLANG_WARN_CONSTANT_CONVERSION = YES;
				CLANG_WARN_DIRECT_OBJC_ISA_USAGE = YES_ERROR;
				CLANG_WARN_EMPTY_BODY = YES;
				CLANG_WARN_ENUM_CONVERSION = YES;
				CLANG_WARN_INT_CONVERSION = YES;
				CLANG_WARN_OBJC_ROOT_CLASS = YES_ERROR;
				CLANG_WARN__DUPLICATE_METHOD_MATCH = YES;
				"CODE_SIGN_IDENTITY[sdk=iphoneos*]" = "iPhone Developer";
				COPY_PHASE_STRIP = YES;
				ENABLE_NS_ASSERTIONS = NO;
				GCC_C_LANGUAGE_STANDARD = gnu99;
				GCC_WARN_64_TO_32_BIT_CONVERSION = YES;
				GCC_WARN_ABOUT_RETURN_TYPE = YES_ERROR;
				GCC_WARN_UNDECLARED_SELECTOR = YES;
				GCC_WARN_UNINITIALIZED_AUTOS = YES_AGGRESSIVE;
				GCC_WARN_UNUSED_FUNCTION = YES;
				GCC_WARN_UNUSED_VARIABLE = YES;
				IPHONEOS_DEPLOYMENT_TARGET = 7.1;
				SDKROOT = iphoneos;
				TARGETED_DEVICE_FAMILY = "1,2";
				VALIDATE_PRODUCT = YES;
			};
			name = Release;
		};
		D98E6C8E1A1AC10500C0A704 /* Debug */ = {
			isa = XCBuildConfiguration;
			baseConfigurationReference = B68C9453DC918E7986604E37 /* Pods-RSSAtomKitTests.debug.xcconfig */;
			buildSettings = {
				CLANG_WARN_UNREACHABLE_CODE = YES;
				ENABLE_STRICT_OBJC_MSGSEND = YES;
				FRAMEWORK_SEARCH_PATHS = (
					"$(SDKROOT)/Developer/Library/Frameworks",
					"$(inherited)",
				);
				GCC_PREPROCESSOR_DEFINITIONS = (
					"DEBUG=1",
					"$(inherited)",
				);
				INFOPLIST_FILE = RSSAtomKitTests/Info.plist;
				IPHONEOS_DEPLOYMENT_TARGET = 8.1;
				LD_RUNPATH_SEARCH_PATHS = "$(inherited) @executable_path/Frameworks @loader_path/Frameworks";
				MTL_ENABLE_DEBUG_INFO = YES;
				PRODUCT_NAME = "$(TARGET_NAME)";
			};
			name = Debug;
		};
		D98E6C8F1A1AC10500C0A704 /* Release */ = {
			isa = XCBuildConfiguration;
			baseConfigurationReference = B8D8573CC9DE106990FAD279 /* Pods-RSSAtomKitTests.release.xcconfig */;
			buildSettings = {
				CLANG_WARN_UNREACHABLE_CODE = YES;
				ENABLE_STRICT_OBJC_MSGSEND = YES;
				FRAMEWORK_SEARCH_PATHS = (
					"$(SDKROOT)/Developer/Library/Frameworks",
					"$(inherited)",
				);
				INFOPLIST_FILE = RSSAtomKitTests/Info.plist;
				IPHONEOS_DEPLOYMENT_TARGET = 8.1;
				LD_RUNPATH_SEARCH_PATHS = "$(inherited) @executable_path/Frameworks @loader_path/Frameworks";
				MTL_ENABLE_DEBUG_INFO = NO;
				PRODUCT_NAME = "$(TARGET_NAME)";
			};
			name = Release;
		};
/* End XCBuildConfiguration section */

/* Begin XCConfigurationList section */
		6003F585195388D10070C39A /* Build configuration list for PBXProject "RSSAtomKit" */ = {
			isa = XCConfigurationList;
			buildConfigurations = (
				6003F5BD195388D20070C39A /* Debug */,
				6003F5BE195388D20070C39A /* Release */,
			);
			defaultConfigurationIsVisible = 0;
			defaultConfigurationName = Release;
		};
		D98E6C8D1A1AC10500C0A704 /* Build configuration list for PBXNativeTarget "RSSAtomKitTests" */ = {
			isa = XCConfigurationList;
			buildConfigurations = (
				D98E6C8E1A1AC10500C0A704 /* Debug */,
				D98E6C8F1A1AC10500C0A704 /* Release */,
			);
			defaultConfigurationIsVisible = 0;
			defaultConfigurationName = Release;
		};
/* End XCConfigurationList section */
	};
	rootObject = 6003F582195388D10070C39A /* Project object */;
}
